// !$*UTF8*$!
{
	archiveVersion = 1;
	classes = {
	};
	objectVersion = 77;
	objects = {

/* Begin PBXBuildFile section */
		D7A8C87D2CD103B000F1A11F /* libsqlite3.0.tbd in Frameworks */ = {isa = PBXBuildFile; fileRef = D7A8C87C2CD103B000F1A11F /* libsqlite3.0.tbd */; };
/* End PBXBuildFile section */

/* Begin PBXContainerItemProxy section */
		D7A8C8262CD101CE00F1A11F /* PBXContainerItemProxy */ = {
			isa = PBXContainerItemProxy;
			containerPortal = D7A8C8072CD101CB00F1A11F /* Project object */;
			proxyType = 1;
			remoteGlobalIDString = D7A8C80E2CD101CB00F1A11F;
			remoteInfo = IRunnerapp;
		};
		D7A8C8302CD101CE00F1A11F /* PBXContainerItemProxy */ = {
			isa = PBXContainerItemProxy;
			containerPortal = D7A8C8072CD101CB00F1A11F /* Project object */;
			proxyType = 1;
			remoteGlobalIDString = D7A8C80E2CD101CB00F1A11F;
			remoteInfo = IRunnerapp;
		};
/* End PBXContainerItemProxy section */

/* Begin PBXFileReference section */
		D7A8C80F2CD101CB00F1A11F /* IRunnerapp.app */ = {isa = PBXFileReference; explicitFileType = wrapper.application; includeInIndex = 0; path = IRunnerapp.app; sourceTree = BUILT_PRODUCTS_DIR; };
		D7A8C8252CD101CE00F1A11F /* IRunnerappTests.xctest */ = {isa = PBXFileReference; explicitFileType = wrapper.cfbundle; includeInIndex = 0; path = IRunnerappTests.xctest; sourceTree = BUILT_PRODUCTS_DIR; };
		D7A8C82F2CD101CE00F1A11F /* IRunnerappUITests.xctest */ = {isa = PBXFileReference; explicitFileType = wrapper.cfbundle; includeInIndex = 0; path = IRunnerappUITests.xctest; sourceTree = BUILT_PRODUCTS_DIR; };
		D7A8C87C2CD103B000F1A11F /* libsqlite3.0.tbd */ = {isa = PBXFileReference; lastKnownFileType = "sourcecode.text-based-dylib-definition"; name = libsqlite3.0.tbd; path = usr/lib/libsqlite3.0.tbd; sourceTree = SDKROOT; };
/* End PBXFileReference section */

/* Begin PBXFileSystemSynchronizedBuildFileExceptionSet section */
		D7A8C8372CD101CE00F1A11F /* Exceptions for "IRunnerapp" folder in "IRunnerapp" target */ = {
			isa = PBXFileSystemSynchronizedBuildFileExceptionSet;
			membershipExceptions = (
				Info.plist,
			);
			target = D7A8C80E2CD101CB00F1A11F /* IRunnerapp */;
		};
/* End PBXFileSystemSynchronizedBuildFileExceptionSet section */

/* Begin PBXFileSystemSynchronizedRootGroup section */
		D7A8C8112CD101CB00F1A11F /* IRunnerapp */ = {
			isa = PBXFileSystemSynchronizedRootGroup;
			exceptions = (
				D7A8C8372CD101CE00F1A11F /* Exceptions for "IRunnerapp" folder in "IRunnerapp" target */,
			);
			path = IRunnerapp;
			sourceTree = "<group>";
		};
		D7A8C8282CD101CE00F1A11F /* IRunnerappTests */ = {
			isa = PBXFileSystemSynchronizedRootGroup;
			path = IRunnerappTests;
			sourceTree = "<group>";
		};
		D7A8C8322CD101CE00F1A11F /* IRunnerappUITests */ = {
			isa = PBXFileSystemSynchronizedRootGroup;
			path = IRunnerappUITests;
			sourceTree = "<group>";
		};
/* End PBXFileSystemSynchronizedRootGroup section */

/* Begin PBXFrameworksBuildPhase section */
		D7A8C80C2CD101CB00F1A11F /* Frameworks */ = {
			isa = PBXFrameworksBuildPhase;
			buildActionMask = 2147483647;
			files = (
				D7A8C87D2CD103B000F1A11F /* libsqlite3.0.tbd in Frameworks */,
			);
			runOnlyForDeploymentPostprocessing = 0;
		};
		D7A8C8222CD101CE00F1A11F /* Frameworks */ = {
			isa = PBXFrameworksBuildPhase;
			buildActionMask = 2147483647;
			files = (
			);
			runOnlyForDeploymentPostprocessing = 0;
		};
		D7A8C82C2CD101CE00F1A11F /* Frameworks */ = {
			isa = PBXFrameworksBuildPhase;
			buildActionMask = 2147483647;
			files = (
			);
			runOnlyForDeploymentPostprocessing = 0;
		};
/* End PBXFrameworksBuildPhase section */

/* Begin PBXGroup section */
		D7A8C8062CD101CB00F1A11F = {
			isa = PBXGroup;
			children = (
				D7A8C8112CD101CB00F1A11F /* IRunnerapp */,
				D7A8C8282CD101CE00F1A11F /* IRunnerappTests */,
				D7A8C8322CD101CE00F1A11F /* IRunnerappUITests */,
				D7A8C87B2CD103B000F1A11F /* Frameworks */,
				D7A8C8102CD101CB00F1A11F /* Products */,
			);
			sourceTree = "<group>";
		};
		D7A8C8102CD101CB00F1A11F /* Products */ = {
			isa = PBXGroup;
			children = (
				D7A8C80F2CD101CB00F1A11F /* IRunnerapp.app */,
				D7A8C8252CD101CE00F1A11F /* IRunnerappTests.xctest */,
				D7A8C82F2CD101CE00F1A11F /* IRunnerappUITests.xctest */,
			);
			name = Products;
			sourceTree = "<group>";
		};
		D7A8C87B2CD103B000F1A11F /* Frameworks */ = {
			isa = PBXGroup;
			children = (
				D7A8C87C2CD103B000F1A11F /* libsqlite3.0.tbd */,
			);
			name = Frameworks;
			sourceTree = "<group>";
		};
/* End PBXGroup section */

/* Begin PBXNativeTarget section */
		D7A8C80E2CD101CB00F1A11F /* IRunnerapp */ = {
			isa = PBXNativeTarget;
			buildConfigurationList = D7A8C8382CD101CE00F1A11F /* Build configuration list for PBXNativeTarget "IRunnerapp" */;
			buildPhases = (
				D7A8C80B2CD101CB00F1A11F /* Sources */,
				D7A8C80C2CD101CB00F1A11F /* Frameworks */,
				D7A8C80D2CD101CB00F1A11F /* Resources */,
			);
			buildRules = (
			);
			dependencies = (
			);
			fileSystemSynchronizedGroups = (
				D7A8C8112CD101CB00F1A11F /* IRunnerapp */,
			);
			name = IRunnerapp;
			packageProductDependencies = (
			);
			productName = IRunnerapp;
			productReference = D7A8C80F2CD101CB00F1A11F /* IRunnerapp.app */;
			productType = "com.apple.product-type.application";
		};
		D7A8C8242CD101CE00F1A11F /* IRunnerappTests */ = {
			isa = PBXNativeTarget;
			buildConfigurationList = D7A8C83D2CD101CE00F1A11F /* Build configuration list for PBXNativeTarget "IRunnerappTests" */;
			buildPhases = (
				D7A8C8212CD101CE00F1A11F /* Sources */,
				D7A8C8222CD101CE00F1A11F /* Frameworks */,
				D7A8C8232CD101CE00F1A11F /* Resources */,
			);
			buildRules = (
			);
			dependencies = (
				D7A8C8272CD101CE00F1A11F /* PBXTargetDependency */,
			);
			fileSystemSynchronizedGroups = (
				D7A8C8282CD101CE00F1A11F /* IRunnerappTests */,
			);
			name = IRunnerappTests;
			packageProductDependencies = (
			);
			productName = IRunnerappTests;
			productReference = D7A8C8252CD101CE00F1A11F /* IRunnerappTests.xctest */;
			productType = "com.apple.product-type.bundle.unit-test";
		};
		D7A8C82E2CD101CE00F1A11F /* IRunnerappUITests */ = {
			isa = PBXNativeTarget;
			buildConfigurationList = D7A8C8402CD101CE00F1A11F /* Build configuration list for PBXNativeTarget "IRunnerappUITests" */;
			buildPhases = (
				D7A8C82B2CD101CE00F1A11F /* Sources */,
				D7A8C82C2CD101CE00F1A11F /* Frameworks */,
				D7A8C82D2CD101CE00F1A11F /* Resources */,
			);
			buildRules = (
			);
			dependencies = (
				D7A8C8312CD101CE00F1A11F /* PBXTargetDependency */,
			);
			fileSystemSynchronizedGroups = (
				D7A8C8322CD101CE00F1A11F /* IRunnerappUITests */,
			);
			name = IRunnerappUITests;
			packageProductDependencies = (
			);
			productName = IRunnerappUITests;
			productReference = D7A8C82F2CD101CE00F1A11F /* IRunnerappUITests.xctest */;
			productType = "com.apple.product-type.bundle.ui-testing";
		};
/* End PBXNativeTarget section */

/* Begin PBXProject section */
		D7A8C8072CD101CB00F1A11F /* Project object */ = {
			isa = PBXProject;
			attributes = {
				BuildIndependentTargetsInParallel = 1;
				LastSwiftUpdateCheck = 1600;
				LastUpgradeCheck = 1600;
				TargetAttributes = {
					D7A8C80E2CD101CB00F1A11F = {
						CreatedOnToolsVersion = 16.0;
					};
					D7A8C8242CD101CE00F1A11F = {
						CreatedOnToolsVersion = 16.0;
						TestTargetID = D7A8C80E2CD101CB00F1A11F;
					};
					D7A8C82E2CD101CE00F1A11F = {
						CreatedOnToolsVersion = 16.0;
						TestTargetID = D7A8C80E2CD101CB00F1A11F;
					};
				};
			};
			buildConfigurationList = D7A8C80A2CD101CB00F1A11F /* Build configuration list for PBXProject "IRunnerapp" */;
			developmentRegion = en;
			hasScannedForEncodings = 0;
			knownRegions = (
				en,
				Base,
			);
			mainGroup = D7A8C8062CD101CB00F1A11F;
			minimizedProjectReferenceProxies = 1;
			preferredProjectObjectVersion = 77;
			productRefGroup = D7A8C8102CD101CB00F1A11F /* Products */;
			projectDirPath = "";
			projectRoot = "";
			targets = (
				D7A8C80E2CD101CB00F1A11F /* IRunnerapp */,
				D7A8C8242CD101CE00F1A11F /* IRunnerappTests */,
				D7A8C82E2CD101CE00F1A11F /* IRunnerappUITests */,
			);
		};
/* End PBXProject section */

/* Begin PBXResourcesBuildPhase section */
		D7A8C80D2CD101CB00F1A11F /* Resources */ = {
			isa = PBXResourcesBuildPhase;
			buildActionMask = 2147483647;
			files = (
			);
			runOnlyForDeploymentPostprocessing = 0;
		};
		D7A8C8232CD101CE00F1A11F /* Resources */ = {
			isa = PBXResourcesBuildPhase;
			buildActionMask = 2147483647;
			files = (
			);
			runOnlyForDeploymentPostprocessing = 0;
		};
		D7A8C82D2CD101CE00F1A11F /* Resources */ = {
			isa = PBXResourcesBuildPhase;
			buildActionMask = 2147483647;
			files = (
			);
			runOnlyForDeploymentPostprocessing = 0;
		};
/* End PBXResourcesBuildPhase section */

/* Begin PBXSourcesBuildPhase section */
		D7A8C80B2CD101CB00F1A11F /* Sources */ = {
			isa = PBXSourcesBuildPhase;
			buildActionMask = 2147483647;
			files = (
			);
			runOnlyForDeploymentPostprocessing = 0;
		};
		D7A8C8212CD101CE00F1A11F /* Sources */ = {
			isa = PBXSourcesBuildPhase;
			buildActionMask = 2147483647;
			files = (
			);
			runOnlyForDeploymentPostprocessing = 0;
		};
		D7A8C82B2CD101CE00F1A11F /* Sources */ = {
			isa = PBXSourcesBuildPhase;
			buildActionMask = 2147483647;
			files = (
			);
			runOnlyForDeploymentPostprocessing = 0;
		};
/* End PBXSourcesBuildPhase section */

/* Begin PBXTargetDependency section */
		D7A8C8272CD101CE00F1A11F /* PBXTargetDependency */ = {
			isa = PBXTargetDependency;
			target = D7A8C80E2CD101CB00F1A11F /* IRunnerapp */;
			targetProxy = D7A8C8262CD101CE00F1A11F /* PBXContainerItemProxy */;
		};
		D7A8C8312CD101CE00F1A11F /* PBXTargetDependency */ = {
			isa = PBXTargetDependency;
			target = D7A8C80E2CD101CB00F1A11F /* IRunnerapp */;
			targetProxy = D7A8C8302CD101CE00F1A11F /* PBXContainerItemProxy */;
		};
/* End PBXTargetDependency section */

/* Begin XCBuildConfiguration section */
		D7A8C8392CD101CE00F1A11F /* Debug */ = {
			isa = XCBuildConfiguration;
			buildSettings = {
				ASSETCATALOG_COMPILER_APPICON_NAME = AppIcon;
				ASSETCATALOG_COMPILER_GLOBAL_ACCENT_COLOR_NAME = AccentColor;
				CODE_SIGN_STYLE = Automatic;
				CURRENT_PROJECT_VERSION = 1;
				GENERATE_INFOPLIST_FILE = YES;
				INFOPLIST_FILE = IRunnerapp/Info.plist;
				INFOPLIST_KEY_UIApplicationSupportsIndirectInputEvents = YES;
				INFOPLIST_KEY_UILaunchStoryboardName = LaunchScreen;
				INFOPLIST_KEY_UIMainStoryboardFile = Main;
				INFOPLIST_KEY_UISupportedInterfaceOrientations_iPad = "UIInterfaceOrientationPortrait UIInterfaceOrientationPortraitUpsideDown UIInterfaceOrientationLandscapeLeft UIInterfaceOrientationLandscapeRight";
				INFOPLIST_KEY_UISupportedInterfaceOrientations_iPhone = "UIInterfaceOrientationPortrait UIInterfaceOrientationLandscapeLeft UIInterfaceOrientationLandscapeRight";
				LD_RUNPATH_SEARCH_PATHS = (
					"$(inherited)",
					"@executable_path/Frameworks",
				);
				MARKETING_VERSION = 1.0;
				PRODUCT_BUNDLE_IDENTIFIER = nzx.IRunnerapp;
				PRODUCT_NAME = "$(TARGET_NAME)";
				SWIFT_EMIT_LOC_STRINGS = YES;
				SWIFT_OBJC_BRIDGING_HEADER = IRunnerapp/runningappsqlite.h;
				SWIFT_VERSION = 5.0;
				TARGETED_DEVICE_FAMILY = "1,2";
			};
			name = Debug;
		};
		D7A8C83A2CD101CE00F1A11F /* Release */ = {
			isa = XCBuildConfiguration;
			buildSettings = {
				ASSETCATALOG_COMPILER_APPICON_NAME = AppIcon;
				ASSETCATALOG_COMPILER_GLOBAL_ACCENT_COLOR_NAME = AccentColor;
				CODE_SIGN_STYLE = Automatic;
				CURRENT_PROJECT_VERSION = 1;
				GENERATE_INFOPLIST_FILE = YES;
				INFOPLIST_FILE = IRunnerapp/Info.plist;
				INFOPLIST_KEY_UIApplicationSupportsIndirectInputEvents = YES;
				INFOPLIST_KEY_UILaunchStoryboardName = LaunchScreen;
				INFOPLIST_KEY_UIMainStoryboardFile = Main;
				INFOPLIST_KEY_UISupportedInterfaceOrientations_iPad = "UIInterfaceOrientationPortrait UIInterfaceOrientationPortraitUpsideDown UIInterfaceOrientationLandscapeLeft UIInterfaceOrientationLandscapeRight";
				INFOPLIST_KEY_UISupportedInterfaceOrientations_iPhone = "UIInterfaceOrientationPortrait UIInterfaceOrientationLandscapeLeft UIInterfaceOrientationLandscapeRight";
				LD_RUNPATH_SEARCH_PATHS = (
					"$(inherited)",
					"@executable_path/Frameworks",
				);
				MARKETING_VERSION = 1.0;
				PRODUCT_BUNDLE_IDENTIFIER = nzx.IRunnerapp;
				PRODUCT_NAME = "$(TARGET_NAME)";
				SWIFT_EMIT_LOC_STRINGS = YES;
				SWIFT_OBJC_BRIDGING_HEADER = IRunnerapp/runningappsqlite.h;
				SWIFT_VERSION = 5.0;
				TARGETED_DEVICE_FAMILY = "1,2";
			};
			name = Release;
		};
		D7A8C83B2CD101CE00F1A11F /* Debug */ = {
			isa = XCBuildConfiguration;
			buildSettings = {
				ALWAYS_SEARCH_USER_PATHS = NO;
				ASSETCATALOG_COMPILER_GENERATE_SWIFT_ASSET_SYMBOL_EXTENSIONS = YES;
				CLANG_ANALYZER_NONNULL = YES;
				CLANG_ANALYZER_NUMBER_OBJECT_CONVERSION = YES_AGGRESSIVE;
				CLANG_CXX_LANGUAGE_STANDARD = "gnu++20";
				CLANG_ENABLE_MODULES = YES;
				CLANG_ENABLE_OBJC_ARC = YES;
				CLANG_ENABLE_OBJC_WEAK = YES;
				CLANG_WARN_BLOCK_CAPTURE_AUTORELEASING = YES;
				CLANG_WARN_BOOL_CONVERSION = YES;
				CLANG_WARN_COMMA = YES;
				CLANG_WARN_CONSTANT_CONVERSION = YES;
				CLANG_WARN_DEPRECATED_OBJC_IMPLEMENTATIONS = YES;
				CLANG_WARN_DIRECT_OBJC_ISA_USAGE = YES_ERROR;
				CLANG_WARN_DOCUMENTATION_COMMENTS = YES;
				CLANG_WARN_EMPTY_BODY = YES;
				CLANG_WARN_ENUM_CONVERSION = YES;
				CLANG_WARN_INFINITE_RECURSION = YES;
				CLANG_WARN_INT_CONVERSION = YES;
				CLANG_WARN_NON_LITERAL_NULL_CONVERSION = YES;
				CLANG_WARN_OBJC_IMPLICIT_RETAIN_SELF = YES;
				CLANG_WARN_OBJC_LITERAL_CONVERSION = YES;
				CLANG_WARN_OBJC_ROOT_CLASS = YES_ERROR;
				CLANG_WARN_QUOTED_INCLUDE_IN_FRAMEWORK_HEADER = YES;
				CLANG_WARN_RANGE_LOOP_ANALYSIS = YES;
				CLANG_WARN_STRICT_PROTOTYPES = YES;
				CLANG_WARN_SUSPICIOUS_MOVE = YES;
				CLANG_WARN_UNGUARDED_AVAILABILITY = YES_AGGRESSIVE;
				CLANG_WARN_UNREACHABLE_CODE = YES;
				CLANG_WARN__DUPLICATE_METHOD_MATCH = YES;
				COPY_PHASE_STRIP = NO;
				DEBUG_INFORMATION_FORMAT = dwarf;
				ENABLE_STRICT_OBJC_MSGSEND = YES;
				ENABLE_TESTABILITY = YES;
				ENABLE_USER_SCRIPT_SANDBOXING = YES;
				GCC_C_LANGUAGE_STANDARD = gnu17;
				GCC_DYNAMIC_NO_PIC = NO;
				GCC_NO_COMMON_BLOCKS = YES;
				GCC_OPTIMIZATION_LEVEL = 0;
				GCC_PREPROCESSOR_DEFINITIONS = (
					"DEBUG=1",
					"$(inherited)",
				);
				GCC_WARN_64_TO_32_BIT_CONVERSION = YES;
				GCC_WARN_ABOUT_RETURN_TYPE = YES_ERROR;
				GCC_WARN_UNDECLARED_SELECTOR = YES;
				GCC_WARN_UNINITIALIZED_AUTOS = YES_AGGRESSIVE;
				GCC_WARN_UNUSED_FUNCTION = YES;
				GCC_WARN_UNUSED_VARIABLE = YES;
				IPHONEOS_DEPLOYMENT_TARGET = 18.0;
				LOCALIZATION_PREFERS_STRING_CATALOGS = YES;
				MTL_ENABLE_DEBUG_INFO = INCLUDE_SOURCE;
				MTL_FAST_MATH = YES;
				ONLY_ACTIVE_ARCH = YES;
				SDKROOT = iphoneos;
				SWIFT_ACTIVE_COMPILATION_CONDITIONS = "DEBUG $(inherited)";
				SWIFT_OPTIMIZATION_LEVEL = "-Onone";
			};
			name = Debug;
		};
		D7A8C83C2CD101CE00F1A11F /* Release */ = {
			isa = XCBuildConfiguration;
			buildSettings = {
				ALWAYS_SEARCH_USER_PATHS = NO;
				ASSETCATALOG_COMPILER_GENERATE_SWIFT_ASSET_SYMBOL_EXTENSIONS = YES;
				CLANG_ANALYZER_NONNULL = YES;
				CLANG_ANALYZER_NUMBER_OBJECT_CONVERSION = YES_AGGRESSIVE;
				CLANG_CXX_LANGUAGE_STANDARD = "gnu++20";
				CLANG_ENABLE_MODULES = YES;
				CLANG_ENABLE_OBJC_ARC = YES;
				CLANG_ENABLE_OBJC_WEAK = YES;
				CLANG_WARN_BLOCK_CAPTURE_AUTORELEASING = YES;
				CLANG_WARN_BOOL_CONVERSION = YES;
				CLANG_WARN_COMMA = YES;
				CLANG_WARN_CONSTANT_CONVERSION = YES;
				CLANG_WARN_DEPRECATED_OBJC_IMPLEMENTATIONS = YES;
				CLANG_WARN_DIRECT_OBJC_ISA_USAGE = YES_ERROR;
				CLANG_WARN_DOCUMENTATION_COMMENTS = YES;
				CLANG_WARN_EMPTY_BODY = YES;
				CLANG_WARN_ENUM_CONVERSION = YES;
				CLANG_WARN_INFINITE_RECURSION = YES;
				CLANG_WARN_INT_CONVERSION = YES;
				CLANG_WARN_NON_LITERAL_NULL_CONVERSION = YES;
				CLANG_WARN_OBJC_IMPLICIT_RETAIN_SELF = YES;
				CLANG_WARN_OBJC_LITERAL_CONVERSION = YES;
				CLANG_WARN_OBJC_ROOT_CLASS = YES_ERROR;
				CLANG_WARN_QUOTED_INCLUDE_IN_FRAMEWORK_HEADER = YES;
				CLANG_WARN_RANGE_LOOP_ANALYSIS = YES;
				CLANG_WARN_STRICT_PROTOTYPES = YES;
				CLANG_WARN_SUSPICIOUS_MOVE = YES;
				CLANG_WARN_UNGUARDED_AVAILABILITY = YES_AGGRESSIVE;
				CLANG_WARN_UNREACHABLE_CODE = YES;
				CLANG_WARN__DUPLICATE_METHOD_MATCH = YES;
				COPY_PHASE_STRIP = NO;
				DEBUG_INFORMATION_FORMAT = "dwarf-with-dsym";
				ENABLE_NS_ASSERTIONS = NO;
				ENABLE_STRICT_OBJC_MSGSEND = YES;
				ENABLE_USER_SCRIPT_SANDBOXING = YES;
				GCC_C_LANGUAGE_STANDARD = gnu17;
				GCC_NO_COMMON_BLOCKS = YES;
				GCC_WARN_64_TO_32_BIT_CONVERSION = YES;
				GCC_WARN_ABOUT_RETURN_TYPE = YES_ERROR;
				GCC_WARN_UNDECLARED_SELECTOR = YES;
				GCC_WARN_UNINITIALIZED_AUTOS = YES_AGGRESSIVE;
				GCC_WARN_UNUSED_FUNCTION = YES;
				GCC_WARN_UNUSED_VARIABLE = YES;
				IPHONEOS_DEPLOYMENT_TARGET = 18.0;
				LOCALIZATION_PREFERS_STRING_CATALOGS = YES;
				MTL_ENABLE_DEBUG_INFO = NO;
				MTL_FAST_MATH = YES;
				SDKROOT = iphoneos;
				SWIFT_COMPILATION_MODE = wholemodule;
				VALIDATE_PRODUCT = YES;
			};
			name = Release;
		};
		D7A8C83E2CD101CE00F1A11F /* Debug */ = {
			isa = XCBuildConfiguration;
			buildSettings = {
				BUNDLE_LOADER = "$(TEST_HOST)";
				CODE_SIGN_STYLE = Automatic;
				CURRENT_PROJECT_VERSION = 1;
				GENERATE_INFOPLIST_FILE = YES;
				IPHONEOS_DEPLOYMENT_TARGET = 18.0;
				MARKETING_VERSION = 1.0;
				PRODUCT_BUNDLE_IDENTIFIER = nzx.IRunnerappTests;
				PRODUCT_NAME = "$(TARGET_NAME)";
				SWIFT_EMIT_LOC_STRINGS = NO;
				SWIFT_VERSION = 5.0;
				TARGETED_DEVICE_FAMILY = "1,2";
				TEST_HOST = "$(BUILT_PRODUCTS_DIR)/IRunnerapp.app/$(BUNDLE_EXECUTABLE_FOLDER_PATH)/IRunnerapp";
			};
			name = Debug;
		};
		D7A8C83F2CD101CE00F1A11F /* Release */ = {
			isa = XCBuildConfiguration;
			buildSettings = {
				BUNDLE_LOADER = "$(TEST_HOST)";
				CODE_SIGN_STYLE = Automatic;
				CURRENT_PROJECT_VERSION = 1;
				GENERATE_INFOPLIST_FILE = YES;
				IPHONEOS_DEPLOYMENT_TARGET = 18.0;
				MARKETING_VERSION = 1.0;
				PRODUCT_BUNDLE_IDENTIFIER = nzx.IRunnerappTests;
				PRODUCT_NAME = "$(TARGET_NAME)";
				SWIFT_EMIT_LOC_STRINGS = NO;
				SWIFT_VERSION = 5.0;
				TARGETED_DEVICE_FAMILY = "1,2";
				TEST_HOST = "$(BUILT_PRODUCTS_DIR)/IRunnerapp.app/$(BUNDLE_EXECUTABLE_FOLDER_PATH)/IRunnerapp";
			};
			name = Release;
		};
		D7A8C8412CD101CE00F1A11F /* Debug */ = {
			isa = XCBuildConfiguration;
			buildSettings = {
				CODE_SIGN_STYLE = Automatic;
				CURRENT_PROJECT_VERSION = 1;
				GENERATE_INFOPLIST_FILE = YES;
				MARKETING_VERSION = 1.0;
				PRODUCT_BUNDLE_IDENTIFIER = nzx.IRunnerappUITests;
				PRODUCT_NAME = "$(TARGET_NAME)";
				SWIFT_EMIT_LOC_STRINGS = NO;
				SWIFT_VERSION = 5.0;
				TARGETED_DEVICE_FAMILY = "1,2";
				TEST_TARGET_NAME = IRunnerapp;
			};
			name = Debug;
		};
		D7A8C8422CD101CE00F1A11F /* Release */ = {
			isa = XCBuildConfiguration;
			buildSettings = {
				CODE_SIGN_STYLE = Automatic;
				CURRENT_PROJECT_VERSION = 1;
				GENERATE_INFOPLIST_FILE = YES;
				MARKETING_VERSION = 1.0;
				PRODUCT_BUNDLE_IDENTIFIER = nzx.IRunnerappUITests;
				PRODUCT_NAME = "$(TARGET_NAME)";
				SWIFT_EMIT_LOC_STRINGS = NO;
				SWIFT_VERSION = 5.0;
				TARGETED_DEVICE_FAMILY = "1,2";
				TEST_TARGET_NAME = IRunnerapp;
			};
			name = Release;
		};
/* End XCBuildConfiguration section */

/* Begin XCConfigurationList section */
		D7A8C80A2CD101CB00F1A11F /* Build configuration list for PBXProject "IRunnerapp" */ = {
			isa = XCConfigurationList;
			buildConfigurations = (
				D7A8C83B2CD101CE00F1A11F /* Debug */,
				D7A8C83C2CD101CE00F1A11F /* Release */,
			);
			defaultConfigurationIsVisible = 0;
			defaultConfigurationName = Release;
		};
		D7A8C8382CD101CE00F1A11F /* Build configuration list for PBXNativeTarget "IRunnerapp" */ = {
			isa = XCConfigurationList;
			buildConfigurations = (
				D7A8C8392CD101CE00F1A11F /* Debug */,
				D7A8C83A2CD101CE00F1A11F /* Release */,
			);
			defaultConfigurationIsVisible = 0;
			defaultConfigurationName = Release;
		};
		D7A8C83D2CD101CE00F1A11F /* Build configuration list for PBXNativeTarget "IRunnerappTests" */ = {
			isa = XCConfigurationList;
			buildConfigurations = (
				D7A8C83E2CD101CE00F1A11F /* Debug */,
				D7A8C83F2CD101CE00F1A11F /* Release */,
			);
			defaultConfigurationIsVisible = 0;
			defaultConfigurationName = Release;
		};
		D7A8C8402CD101CE00F1A11F /* Build configuration list for PBXNativeTarget "IRunnerappUITests" */ = {
			isa = XCConfigurationList;
			buildConfigurations = (
				D7A8C8412CD101CE00F1A11F /* Debug */,
				D7A8C8422CD101CE00F1A11F /* Release */,
			);
			defaultConfigurationIsVisible = 0;
			defaultConfigurationName = Release;
		};
/* End XCConfigurationList section */
	};
	rootObject = D7A8C8072CD101CB00F1A11F /* Project object */;
}
